Microsoft Visual Studio Solution File, Format Version 12.00
# Visual Studio Version 16
VisualStudioVersion = 16.0.29806.167
MinimumVisualStudioVersion = 10.0.40219.1
Project("{9A19103F-16F7-4668-BE54-9A1E7A4F7556}") = "Soccer.Common", "Soccer.Common\Soccer.Common.csproj", "{CC09EB63-7E63-441F-9AC3-9235EAD65519}"
EndProject
Project("{9A19103F-16F7-4668-BE54-9A1E7A4F7556}") = "Soccer.Web", "Soccer.Web\Soccer.Web.csproj", "{D7FAD1C1-2744-4F9D-B5B6-2CB56B5D0A1E}"
EndProject
Project("{FAE04EC0-301F-11D3-BF4B-00C04F79EFBC}") = "Soccer.Prism", "Soccer.Prism\Soccer.Prism\Soccer.Prism.csproj", "{57AFE1AD-6909-455F-B33D-F9CEBC53AAB5}"
EndProject
Project("{FAE04EC0-301F-11D3-BF4B-00C04F79EFBC}") = "Soccer.Prism.Android", "Soccer.Prism\Soccer.Prism.Android\Soccer.Prism.Android.csproj", "{436E3A02-C9B1-47C1-9CED-7CA93C356930}"
EndProject
Project("{FAE04EC0-301F-11D3-BF4B-00C04F79EFBC}") = "Soccer.Prism.iOS", "Soccer.Prism\Soccer.Prism.iOS\Soccer.Prism.iOS.csproj", "{AF2ACE17-2A0D-439E-B1AE-E41E79E370CE}"
EndProject
Global
	GlobalSection(SolutionConfigurationPlatforms) = preSolution
		Ad-Hoc|Any CPU = Ad-Hoc|Any CPU
		Ad-Hoc|iPhone = Ad-Hoc|iPhone
		Ad-Hoc|iPhoneSimulator = Ad-Hoc|iPhoneSimulator
		AppStore|Any CPU = AppStore|Any CPU
		AppStore|iPhone = AppStore|iPhone
		AppStore|iPhoneSimulator = AppStore|iPhoneSimulator
		Debug|Any CPU = Debug|Any CPU
		Debug|iPhone = Debug|iPhone
		Debug|iPhoneSimulator = Debug|iPhoneSimulator
		Release|Any CPU = Release|Any CPU
		Release|iPhone = Release|iPhone
		Release|iPhoneSimulator = Release|iPhoneSimulator
	EndGlobalSection
	GlobalSection(ProjectConfigurationPlatforms) = postSolution
		{CC09EB63-7E63-441F-9AC3-9235EAD65519}.Ad-Hoc|Any CPU.ActiveCfg = Release|Any CPU
		{CC09EB63-7E63-441F-9AC3-9235EAD65519}.Ad-Hoc|Any CPU.Build.0 = Release|Any CPU
		{CC09EB63-7E63-441F-9AC3-9235EAD65519}.Ad-Hoc|iPhone.ActiveCfg = Release|Any CPU
		{CC09EB63-7E63-441F-9AC3-9235EAD65519}.Ad-Hoc|iPhone.Build.0 = Release|Any CPU
		{CC09EB63-7E63-441F-9AC3-9235EAD65519}.Ad-Hoc|iPhoneSimulator.ActiveCfg = Release|Any CPU
		{CC09EB63-7E63-441F-9AC3-9235EAD65519}.Ad-Hoc|iPhoneSimulator.Build.0 = Release|Any CPU
		{CC09EB63-7E63-441F-9AC3-9235EAD65519}.AppStore|Any CPU.ActiveCfg = Release|Any CPU
		{CC09EB63-7E63-441F-9AC3-9235EAD65519}.AppStore|Any CPU.Build.0 = Release|Any CPU
		{CC09EB63-7E63-441F-9AC3-9235EAD65519}.AppStore|iPhone.ActiveCfg = Release|Any CPU
		{CC09EB63-7E63-441F-9AC3-9235EAD65519}.AppStore|iPhone.Build.0 = Release|Any CPU
		{CC09EB63-7E63-441F-9AC3-9235EAD65519}.AppStore|iPhoneSimulator.ActiveCfg = Release|Any CPU
		{CC09EB63-7E63-441F-9AC3-9235EAD65519}.AppStore|iPhoneSimulator.Build.0 = Release|Any CPU
		{CC09EB63-7E63-441F-9AC3-9235EAD65519}.Debug|Any CPU.ActiveCfg = Debug|Any CPU
		{CC09EB63-7E63-441F-9AC3-9235EAD65519}.Debug|Any CPU.Build.0 = Debug|Any CPU
		{CC09EB63-7E63-441F-9AC3-9235EAD65519}.Debug|iPhone.ActiveCfg = Debug|Any CPU
		{CC09EB63-7E63-441F-9AC3-9235EAD65519}.Debug|iPhone.Build.0 = Debug|Any CPU
		{CC09EB63-7E63-441F-9AC3-9235EAD65519}.Debug|iPhoneSimulator.ActiveCfg = Debug|Any CPU
		{CC09EB63-7E63-441F-9AC3-9235EAD65519}.Debug|iPhoneSimulator.Build.0 = Debug|Any CPU
		{CC09EB63-7E63-441F-9AC3-9235EAD65519}.Release|Any CPU.ActiveCfg = Release|Any CPU
		{CC09EB63-7E63-441F-9AC3-9235EAD65519}.Release|Any CPU.Build.0 = Release|Any CPU
		{CC09EB63-7E63-441F-9AC3-9235EAD65519}.Release|iPhone.ActiveCfg = Release|Any CPU
		{CC09EB63-7E63-441F-9AC3-9235EAD65519}.Release|iPhone.Build.0 = Release|Any CPU
		{CC09EB63-7E63-441F-9AC3-9235EAD65519}.Release|iPhoneSimulator.ActiveCfg = Release|Any CPU
		{CC09EB63-7E63-441F-9AC3-9235EAD65519}.Release|iPhoneSimulator.Build.0 = Release|Any CPU
		{D7FAD1C1-2744-4F9D-B5B6-2CB56B5D0A1E}.Ad-Hoc|Any CPU.ActiveCfg = Release|Any CPU
		{D7FAD1C1-2744-4F9D-B5B6-2CB56B5D0A1E}.Ad-Hoc|Any CPU.Build.0 = Release|Any CPU
		{D7FAD1C1-2744-4F9D-B5B6-2CB56B5D0A1E}.Ad-Hoc|iPhone.ActiveCfg = Release|Any CPU
		{D7FAD1C1-2744-4F9D-B5B6-2CB56B5D0A1E}.Ad-Hoc|iPhone.Build.0 = Release|Any CPU
		{D7FAD1C1-2744-4F9D-B5B6-2CB56B5D0A1E}.Ad-Hoc|iPhoneSimulator.ActiveCfg = Release|Any CPU
		{D7FAD1C1-2744-4F9D-B5B6-2CB56B5D0A1E}.Ad-Hoc|iPhoneSimulator.Build.0 = Release|Any CPU
		{D7FAD1C1-2744-4F9D-B5B6-2CB56B5D0A1E}.AppStore|Any CPU.ActiveCfg = Release|Any CPU
		{D7FAD1C1-2744-4F9D-B5B6-2CB56B5D0A1E}.AppStore|Any CPU.Build.0 = Release|Any CPU
		{D7FAD1C1-2744-4F9D-B5B6-2CB56B5D0A1E}.AppStore|iPhone.ActiveCfg = Release|Any CPU
		{D7FAD1C1-2744-4F9D-B5B6-2CB56B5D0A1E}.AppStore|iPhone.Build.0 = Release|Any CPU
		{D7FAD1C1-2744-4F9D-B5B6-2CB56B5D0A1E}.AppStore|iPhoneSimulator.ActiveCfg = Release|Any CPU
		{D7FAD1C1-2744-4F9D-B5B6-2CB56B5D0A1E}.AppStore|iPhoneSimulator.Build.0 = Release|Any CPU
		{D7FAD1C1-2744-4F9D-B5B6-2CB56B5D0A1E}.Debug|Any CPU.ActiveCfg = Debug|Any CPU
		{D7FAD1C1-2744-4F9D-B5B6-2CB56B5D0A1E}.Debug|Any CPU.Build.0 = Debug|Any CPU
		{D7FAD1C1-2744-4F9D-B5B6-2CB56B5D0A1E}.Debug|iPhone.ActiveCfg = Debug|Any CPU
		{D7FAD1C1-2744-4F9D-B5B6-2CB56B5D0A1E}.Debug|iPhone.Build.0 = Debug|Any CPU
		{D7FAD1C1-2744-4F9D-B5B6-2CB56B5D0A1E}.Debug|iPhoneSimulator.ActiveCfg = Debug|Any CPU
		{D7FAD1C1-2744-4F9D-B5B6-2CB56B5D0A1E}.Debug|iPhoneSimulator.Build.0 = Debug|Any CPU
		{D7FAD1C1-2744-4F9D-B5B6-2CB56B5D0A1E}.Release|Any CPU.ActiveCfg = Release|Any CPU
		{D7FAD1C1-2744-4F9D-B5B6-2CB56B5D0A1E}.Release|Any CPU.Build.0 = Release|Any CPU
		{D7FAD1C1-2744-4F9D-B5B6-2CB56B5D0A1E}.Release|iPhone.ActiveCfg = Release|Any CPU
		{D7FAD1C1-2744-4F9D-B5B6-2CB56B5D0A1E}.Release|iPhone.Build.0 = Release|Any CPU
		{D7FAD1C1-2744-4F9D-B5B6-2CB56B5D0A1E}.Release|iPhoneSimulator.ActiveCfg = Release|Any CPU
		{D7FAD1C1-2744-4F9D-B5B6-2CB56B5D0A1E}.Release|iPhoneSimulator.Build.0 = Release|Any CPU
		{57AFE1AD-6909-455F-B33D-F9CEBC53AAB5}.Ad-Hoc|Any CPU.ActiveCfg = Debug|Any CPU
		{57AFE1AD-6909-455F-B33D-F9CEBC53AAB5}.Ad-Hoc|Any CPU.Build.0 = Debug|Any CPU
		{57AFE1AD-6909-455F-B33D-F9CEBC53AAB5}.Ad-Hoc|iPhone.ActiveCfg = Debug|Any CPU
		{57AFE1AD-6909-455F-B33D-F9CEBC53AAB5}.Ad-Hoc|iPhone.Build.0 = Debug|Any CPU
		{57AFE1AD-6909-455F-B33D-F9CEBC53AAB5}.Ad-Hoc|iPhoneSimulator.ActiveCfg = Debug|Any CPU
		{57AFE1AD-6909-455F-B33D-F9CEBC53AAB5}.Ad-Hoc|iPhoneSimulator.Build.0 = Debug|Any CPU
		{57AFE1AD-6909-455F-B33D-F9CEBC53AAB5}.AppStore|Any CPU.ActiveCfg = Debug|Any CPU
		{57AFE1AD-6909-455F-B33D-F9CEBC53AAB5}.AppStore|Any CPU.Build.0 = Debug|Any CPU
		{57AFE1AD-6909-455F-B33D-F9CEBC53AAB5}.AppStore|iPhone.ActiveCfg = Debug|Any CPU
		{57AFE1AD-6909-455F-B33D-F9CEBC53AAB5}.AppStore|iPhone.Build.0 = Debug|Any CPU
		{57AFE1AD-6909-455F-B33D-F9CEBC53AAB5}.AppStore|iPhoneSimulator.ActiveCfg = Debug|Any CPU
		{57AFE1AD-6909-455F-B33D-F9CEBC53AAB5}.AppStore|iPhoneSimulator.Build.0 = Debug|Any CPU
		{57AFE1AD-6909-455F-B33D-F9CEBC53AAB5}.Debug|Any CPU.ActiveCfg = Debug|Any CPU
		{57AFE1AD-6909-455F-B33D-F9CEBC53AAB5}.Debug|Any CPU.Build.0 = Debug|Any CPU
		{57AFE1AD-6909-455F-B33D-F9CEBC53AAB5}.Debug|iPhone.ActiveCfg = Debug|Any CPU
		{57AFE1AD-6909-455F-B33D-F9CEBC53AAB5}.Debug|iPhone.Build.0 = Debug|Any CPU
		{57AFE1AD-6909-455F-B33D-F9CEBC53AAB5}.Debug|iPhoneSimulator.ActiveCfg = Debug|Any CPU
		{57AFE1AD-6909-455F-B33D-F9CEBC53AAB5}.Debug|iPhoneSimulator.Build.0 = Debug|Any CPU
		{57AFE1AD-6909-455F-B33D-F9CEBC53AAB5}.Release|Any CPU.ActiveCfg = Release|Any CPU
		{57AFE1AD-6909-455F-B33D-F9CEBC53AAB5}.Release|Any CPU.Build.0 = Release|Any CPU
		{57AFE1AD-6909-455F-B33D-F9CEBC53AAB5}.Release|iPhone.ActiveCfg = Release|Any CPU
		{57AFE1AD-6909-455F-B33D-F9CEBC53AAB5}.Release|iPhone.Build.0 = Release|Any CPU
		{57AFE1AD-6909-455F-B33D-F9CEBC53AAB5}.Release|iPhoneSimulator.ActiveCfg = Release|Any CPU
		{57AFE1AD-6909-455F-B33D-F9CEBC53AAB5}.Release|iPhoneSimulator.Build.0 = Release|Any CPU
		{436E3A02-C9B1-47C1-9CED-7CA93C356930}.Ad-Hoc|Any CPU.ActiveCfg = Release|Any CPU
		{436E3A02-C9B1-47C1-9CED-7CA93C356930}.Ad-Hoc|Any CPU.Build.0 = Release|Any CPU
		{436E3A02-C9B1-47C1-9CED-7CA93C356930}.Ad-Hoc|Any CPU.Deploy.0 = Release|Any CPU
		{436E3A02-C9B1-47C1-9CED-7CA93C356930}.Ad-Hoc|iPhone.ActiveCfg = Release|Any CPU
		{436E3A02-C9B1-47C1-9CED-7CA93C356930}.Ad-Hoc|iPhone.Build.0 = Release|Any CPU
		{436E3A02-C9B1-47C1-9CED-7CA93C356930}.Ad-Hoc|iPhone.Deploy.0 = Release|Any CPU
		{436E3A02-C9B1-47C1-9CED-7CA93C356930}.Ad-Hoc|iPhoneSimulator.ActiveCfg = Release|Any CPU
		{436E3A02-C9B1-47C1-9CED-7CA93C356930}.Ad-Hoc|iPhoneSimulator.Build.0 = Release|Any CPU
		{436E3A02-C9B1-47C1-9CED-7CA93C356930}.Ad-Hoc|iPhoneSimulator.Deploy.0 = Release|Any CPU
		{436E3A02-C9B1-47C1-9CED-7CA93C356930}.AppStore|Any CPU.ActiveCfg = Release|Any CPU
		{436E3A02-C9B1-47C1-9CED-7CA93C356930}.AppStore|Any CPU.Build.0 = Release|Any CPU
		{436E3A02-C9B1-47C1-9CED-7CA93C356930}.AppStore|Any CPU.Deploy.0 = Release|Any CPU
		{436E3A02-C9B1-47C1-9CED-7CA93C356930}.AppStore|iPhone.ActiveCfg = Release|Any CPU
		{436E3A02-C9B1-47C1-9CED-7CA93C356930}.AppStore|iPhone.Build.0 = Release|Any CPU
		{436E3A02-C9B1-47C1-9CED-7CA93C356930}.AppStore|iPhone.Deploy.0 = Release|Any CPU
		{436E3A02-C9B1-47C1-9CED-7CA93C356930}.AppStore|iPhoneSimulator.ActiveCfg = Release|Any CPU
		{436E3A02-C9B1-47C1-9CED-7CA93C356930}.AppStore|iPhoneSimulator.Build.0 = Release|Any CPU
		{436E3A02-C9B1-47C1-9CED-7CA93C356930}.AppStore|iPhoneSimulator.Deploy.0 = Release|Any CPU
		{436E3A02-C9B1-47C1-9CED-7CA93C356930}.Debug|Any CPU.ActiveCfg = Debug|Any CPU
		{436E3A02-C9B1-47C1-9CED-7CA93C356930}.Debug|Any CPU.Build.0 = Debug|Any CPU
		{436E3A02-C9B1-47C1-9CED-7CA93C356930}.Debug|Any CPU.Deploy.0 = Debug|Any CPU
		{436E3A02-C9B1-47C1-9CED-7CA93C356930}.Debug|iPhone.ActiveCfg = Debug|Any CPU
		{436E3A02-C9B1-47C1-9CED-7CA93C356930}.Debug|iPhone.Build.0 = Debug|Any CPU
		{436E3A02-C9B1-47C1-9CED-7CA93C356930}.Debug|iPhone.Deploy.0 = Debug|Any CPU
		{436E3A02-C9B1-47C1-9CED-7CA93C356930}.Debug|iPhoneSimulator.ActiveCfg = Debug|Any CPU
		{436E3A02-C9B1-47C1-9CED-7CA93C356930}.Debug|iPhoneSimulator.Build.0 = Debug|Any CPU
		{436E3A02-C9B1-47C1-9CED-7CA93C356930}.Debug|iPhoneSimulator.Deploy.0 = Debug|Any CPU
		{436E3A02-C9B1-47C1-9CED-7CA93C356930}.Release|Any CPU.ActiveCfg = Release|Any CPU
		{436E3A02-C9B1-47C1-9CED-7CA93C356930}.Release|Any CPU.Build.0 = Release|Any CPU
		{436E3A02-C9B1-47C1-9CED-7CA93C356930}.Release|Any CPU.Deploy.0 = Release|Any CPU
		{436E3A02-C9B1-47C1-9CED-7CA93C356930}.Release|iPhone.ActiveCfg = Release|Any CPU
		{436E3A02-C9B1-47C1-9CED-7CA93C356930}.Release|iPhone.Build.0 = Release|Any CPU
		{436E3A02-C9B1-47C1-9CED-7CA93C356930}.Release|iPhone.Deploy.0 = Release|Any CPU
		{436E3A02-C9B1-47C1-9CED-7CA93C356930}.Release|iPhoneSimulator.ActiveCfg = Release|Any CPU
		{436E3A02-C9B1-47C1-9CED-7CA93C356930}.Release|iPhoneSimulator.Build.0 = Release|Any CPU
		{436E3A02-C9B1-47C1-9CED-7CA93C356930}.Release|iPhoneSimulator.Deploy.0 = Release|Any CPU
		{AF2ACE17-2A0D-439E-B1AE-E41E79E370CE}.Ad-Hoc|Any CPU.ActiveCfg = Ad-Hoc|iPhone
		{AF2ACE17-2A0D-439E-B1AE-E41E79E370CE}.Ad-Hoc|iPhone.ActiveCfg = Ad-Hoc|iPhone
		{AF2ACE17-2A0D-439E-B1AE-E41E79E370CE}.Ad-Hoc|iPhone.Build.0 = Ad-Hoc|iPhone
		{AF2ACE17-2A0D-439E-B1AE-E41E79E370CE}.Ad-Hoc|iPhoneSimulator.ActiveCfg = Ad-Hoc|iPhoneSimulator
		{AF2ACE17-2A0D-439E-B1AE-E41E79E370CE}.Ad-Hoc|iPhoneSimulator.Build.0 = Ad-Hoc|iPhoneSimulator
		{AF2ACE17-2A0D-439E-B1AE-E41E79E370CE}.AppStore|Any CPU.ActiveCfg = AppStore|iPhone
		{AF2ACE17-2A0D-439E-B1AE-E41E79E370CE}.AppStore|iPhone.ActiveCfg = AppStore|iPhone
		{AF2ACE17-2A0D-439E-B1AE-E41E79E370CE}.AppStore|iPhone.Build.0 = AppStore|iPhone
		{AF2ACE17-2A0D-439E-B1AE-E41E79E370CE}.AppStore|iPhoneSimulator.ActiveCfg = AppStore|iPhoneSimulator
		{AF2ACE17-2A0D-439E-B1AE-E41E79E370CE}.AppStore|iPhoneSimulator.Build.0 = AppStore|iPhoneSimulator
		{AF2ACE17-2A0D-439E-B1AE-E41E79E370CE}.Debug|Any CPU.ActiveCfg = Debug|iPhone
		{AF2ACE17-2A0D-439E-B1AE-E41E79E370CE}.Debug|iPhone.ActiveCfg = Debug|iPhone
		{AF2ACE17-2A0D-439E-B1AE-E41E79E370CE}.Debug|iPhone.Build.0 = Debug|iPhone
		{AF2ACE17-2A0D-439E-B1AE-E41E79E370CE}.Debug|iPhoneSimulator.ActiveCfg = Debug|iPhoneSimulator
		{AF2ACE17-2A0D-439E-B1AE-E41E79E370CE}.Debug|iPhoneSimulator.Build.0 = Debug|iPhoneSimulator
		{AF2ACE17-2A0D-439E-B1AE-E41E79E370CE}.Release|Any CPU.ActiveCfg = Release|iPhone
		{AF2ACE17-2A0D-439E-B1AE-E41E79E370CE}.Release|iPhone.ActiveCfg = Release|iPhone
		{AF2ACE17-2A0D-439E-B1AE-E41E79E370CE}.Release|iPhone.Build.0 = Release|iPhone
		{AF2ACE17-2A0D-439E-B1AE-E41E79E370CE}.Release|iPhoneSimulator.ActiveCfg = Release|iPhoneSimulator
		{AF2ACE17-2A0D-439E-B1AE-E41E79E370CE}.Release|iPhoneSimulator.Build.0 = Release|iPhoneSimulator
	EndGlobalSection
	GlobalSection(SolutionProperties) = preSolution
		HideSolutionNode = FALSE
	EndGlobalSection
	GlobalSection(ExtensibilityGlobals) = postSolution
		SolutionGuid = {CD4B04D9-9434-4451-AA8B-933FBC570FD9}
	EndGlobalSection
EndGlobal
